// !$*UTF8*$!
{
	archiveVersion = 1;
	classes = {
	};
	objectVersion = 46;
	objects = {

/* Begin PBXBuildFile section */
		1ABA5D48180F948A00E20882 /* Foundation.framework in Frameworks */ = {isa = PBXBuildFile; fileRef = 1ABA5D47180F948A00E20882 /* Foundation.framework */; };
		1ABA5D4A180F948A00E20882 /* CoreGraphics.framework in Frameworks */ = {isa = PBXBuildFile; fileRef = 1ABA5D49180F948A00E20882 /* CoreGraphics.framework */; };
		1ABA5D4C180F948A00E20882 /* UIKit.framework in Frameworks */ = {isa = PBXBuildFile; fileRef = 1ABA5D4B180F948A00E20882 /* UIKit.framework */; };
		1ABA5D52180F948A00E20882 /* InfoPlist.strings in Resources */ = {isa = PBXBuildFile; fileRef = 1ABA5D50180F948A00E20882 /* InfoPlist.strings */; };
		1ABA5D54180F948A00E20882 /* main.m in Sources */ = {isa = PBXBuildFile; fileRef = 1ABA5D53180F948A00E20882 /* main.m */; };
		1ABA5D58180F948A00E20882 /* AppDelegate.m in Sources */ = {isa = PBXBuildFile; fileRef = 1ABA5D57180F948A00E20882 /* AppDelegate.m */; };
		1ABA5D5B180F948A00E20882 /* Main.storyboard in Resources */ = {isa = PBXBuildFile; fileRef = 1ABA5D59180F948A00E20882 /* Main.storyboard */; };
		1ABA5D5E180F948A00E20882 /* ViewController.m in Sources */ = {isa = PBXBuildFile; fileRef = 1ABA5D5D180F948A00E20882 /* ViewController.m */; };
		1ABA5D60180F948A00E20882 /* Images.xcassets in Resources */ = {isa = PBXBuildFile; fileRef = 1ABA5D5F180F948A00E20882 /* Images.xcassets */; };
		1ABA5D67180F948A00E20882 /* XCTest.framework in Frameworks */ = {isa = PBXBuildFile; fileRef = 1ABA5D66180F948A00E20882 /* XCTest.framework */; };
		1ABA5D68180F948A00E20882 /* Foundation.framework in Frameworks */ = {isa = PBXBuildFile; fileRef = 1ABA5D47180F948A00E20882 /* Foundation.framework */; };
		1ABA5D69180F948A00E20882 /* UIKit.framework in Frameworks */ = {isa = PBXBuildFile; fileRef = 1ABA5D4B180F948A00E20882 /* UIKit.framework */; };
		1ABA5D71180F948A00E20882 /* InfoPlist.strings in Resources */ = {isa = PBXBuildFile; fileRef = 1ABA5D6F180F948A00E20882 /* InfoPlist.strings */; };
		1ABA5D73180F948A00E20882 /* SlowDownTests.m in Sources */ = {isa = PBXBuildFile; fileRef = 1ABA5D72180F948A00E20882 /* SlowDownTests.m */; };
		1ABA5D81180F968000E20882 /* CompositionUtility.m in Sources */ = {isa = PBXBuildFile; fileRef = 1ABA5D7E180F968000E20882 /* CompositionUtility.m */; };
		1ABA5D82180F968000E20882 /* PlayerView.m in Sources */ = {isa = PBXBuildFile; fileRef = 1ABA5D80180F968000E20882 /* PlayerView.m */; };
/* End PBXBuildFile section */

/* Begin PBXContainerItemProxy section */
		1ABA5D6A180F948A00E20882 /* PBXContainerItemProxy */ = {
			isa = PBXContainerItemProxy;
			containerPortal = 1ABA5D3C180F948A00E20882 /* Project object */;
			proxyType = 1;
			remoteGlobalIDString = 1ABA5D43180F948A00E20882;
			remoteInfo = SlowDown;
		};
/* End PBXContainerItemProxy section */

/* Begin PBXFileReference section */
		1ABA5D44180F948A00E20882 /* SlowDown.app */ = {isa = PBXFileReference; explicitFileType = wrapper.application; includeInIndex = 0; path = SlowDown.app; sourceTree = BUILT_PRODUCTS_DIR; };
		1ABA5D47180F948A00E20882 /* Foundation.framework */ = {isa = PBXFileReference; lastKnownFileType = wrapper.framework; name = Foundation.framework; path = System/Library/Frameworks/Foundation.framework; sourceTree = SDKROOT; };
		1ABA5D49180F948A00E20882 /* CoreGraphics.framework */ = {isa = PBXFileReference; lastKnownFileType = wrapper.framework; name = CoreGraphics.framework; path = System/Library/Frameworks/CoreGraphics.framework; sourceTree = SDKROOT; };
		1ABA5D4B180F948A00E20882 /* UIKit.framework */ = {isa = PBXFileReference; lastKnownFileType = wrapper.framework; name = UIKit.framework; path = System/Library/Frameworks/UIKit.framework; sourceTree = SDKROOT; };
		1ABA5D4F180F948A00E20882 /* SlowDown-Info.plist */ = {isa = PBXFileReference; lastKnownFileType = text.plist.xml; path = "SlowDown-Info.plist"; sourceTree = "<group>"; };
		1ABA5D51180F948A00E20882 /* en */ = {isa = PBXFileReference; lastKnownFileType = text.plist.strings; name = en; path = en.lproj/InfoPlist.strings; sourceTree = "<group>"; };
		1ABA5D53180F948A00E20882 /* main.m */ = {isa = PBXFileReference; lastKnownFileType = sourcecode.c.objc; path = main.m; sourceTree = "<group>"; };
		1ABA5D55180F948A00E20882 /* SlowDown-Prefix.pch */ = {isa = PBXFileReference; lastKnownFileType = sourcecode.c.h; path = "SlowDown-Prefix.pch"; sourceTree = "<group>"; };
		1ABA5D56180F948A00E20882 /* AppDelegate.h */ = {isa = PBXFileReference; lastKnownFileType = sourcecode.c.h; path = AppDelegate.h; sourceTree = "<group>"; };
		1ABA5D57180F948A00E20882 /* AppDelegate.m */ = {isa = PBXFileReference; lastKnownFileType = sourcecode.c.objc; path = AppDelegate.m; sourceTree = "<group>"; };
		1ABA5D5A180F948A00E20882 /* Base */ = {isa = PBXFileReference; lastKnownFileType = file.storyboard; name = Base; path = Base.lproj/Main.storyboard; sourceTree = "<group>"; };
		1ABA5D5C180F948A00E20882 /* ViewController.h */ = {isa = PBXFileReference; lastKnownFileType = sourcecode.c.h; path = ViewController.h; sourceTree = "<group>"; };
		1ABA5D5D180F948A00E20882 /* ViewController.m */ = {isa = PBXFileReference; lastKnownFileType = sourcecode.c.objc; path = ViewController.m; sourceTree = "<group>"; };
		1ABA5D5F180F948A00E20882 /* Images.xcassets */ = {isa = PBXFileReference; lastKnownFileType = folder.assetcatalog; path = Images.xcassets; sourceTree = "<group>"; };
		1ABA5D65180F948A00E20882 /* SlowDownTests.xctest */ = {isa = PBXFileReference; explicitFileType = wrapper.cfbundle; includeInIndex = 0; path = SlowDownTests.xctest; sourceTree = BUILT_PRODUCTS_DIR; };
		1ABA5D66180F948A00E20882 /* XCTest.framework */ = {isa = PBXFileReference; lastKnownFileType = wrapper.framework; name = XCTest.framework; path = Library/Frameworks/XCTest.framework; sourceTree = DEVELOPER_DIR; };
		1ABA5D6E180F948A00E20882 /* SlowDownTests-Info.plist */ = {isa = PBXFileReference; lastKnownFileType = text.plist.xml; path = "SlowDownTests-Info.plist"; sourceTree = "<group>"; };
		1ABA5D70180F948A00E20882 /* en */ = {isa = PBXFileReference; lastKnownFileType = text.plist.strings; name = en; path = en.lproj/InfoPlist.strings; sourceTree = "<group>"; };
		1ABA5D72180F948A00E20882 /* SlowDownTests.m */ = {isa = PBXFileReference; lastKnownFileType = sourcecode.c.objc; path = SlowDownTests.m; sourceTree = "<group>"; };
		1ABA5D7D180F968000E20882 /* CompositionUtility.h */ = {isa = PBXFileReference; fileEncoding = 4; lastKnownFileType = sourcecode.c.h; path = CompositionUtility.h; sourceTree = "<group>"; };
		1ABA5D7E180F968000E20882 /* CompositionUtility.m */ = {isa = PBXFileReference; fileEncoding = 4; lastKnownFileType = sourcecode.c.objc; path = CompositionUtility.m; sourceTree = "<group>"; };
		1ABA5D7F180F968000E20882 /* PlayerView.h */ = {isa = PBXFileReference; fileEncoding = 4; lastKnownFileType = sourcecode.c.h; path = PlayerView.h; sourceTree = "<group>"; };
		1ABA5D80180F968000E20882 /* PlayerView.m */ = {isa = PBXFileReference; fileEncoding = 4; lastKnownFileType = sourcecode.c.objc; path = PlayerView.m; sourceTree = "<group>"; };
/* End PBXFileReference section */

/* Begin PBXFrameworksBuildPhase section */
		1ABA5D41180F948A00E20882 /* Frameworks */ = {
			isa = PBXFrameworksBuildPhase;
			buildActionMask = 2147483647;
			files = (
				1ABA5D4A180F948A00E20882 /* CoreGraphics.framework in Frameworks */,
				1ABA5D4C180F948A00E20882 /* UIKit.framework in Frameworks */,
				1ABA5D48180F948A00E20882 /* Foundation.framework in Frameworks */,
			);
			runOnlyForDeploymentPostprocessing = 0;
		};
		1ABA5D62180F948A00E20882 /* Frameworks */ = {
			isa = PBXFrameworksBuildPhase;
			buildActionMask = 2147483647;
			files = (
				1ABA5D67180F948A00E20882 /* XCTest.framework in Frameworks */,
				1ABA5D69180F948A00E20882 /* UIKit.framework in Frameworks */,
				1ABA5D68180F948A00E20882 /* Foundation.framework in Frameworks */,
			);
			runOnlyForDeploymentPostprocessing = 0;
		};
/* End PBXFrameworksBuildPhase section */

/* Begin PBXGroup section */
		1ABA5D3B180F948A00E20882 = {
			isa = PBXGroup;
			children = (
				1ABA5D4D180F948A00E20882 /* SlowDown */,
				1ABA5D6C180F948A00E20882 /* SlowDownTests */,
				1ABA5D46180F948A00E20882 /* Frameworks */,
				1ABA5D45180F948A00E20882 /* Products */,
			);
			sourceTree = "<group>";
		};
		1ABA5D45180F948A00E20882 /* Products */ = {
			isa = PBXGroup;
			children = (
				1ABA5D44180F948A00E20882 /* SlowDown.app */,
				1ABA5D65180F948A00E20882 /* SlowDownTests.xctest */,
			);
			name = Products;
			sourceTree = "<group>";
		};
		1ABA5D46180F948A00E20882 /* Frameworks */ = {
			isa = PBXGroup;
			children = (
				1ABA5D47180F948A00E20882 /* Foundation.framework */,
				1ABA5D49180F948A00E20882 /* CoreGraphics.framework */,
				1ABA5D4B180F948A00E20882 /* UIKit.framework */,
				1ABA5D66180F948A00E20882 /* XCTest.framework */,
			);
			name = Frameworks;
			sourceTree = "<group>";
		};
		1ABA5D4D180F948A00E20882 /* SlowDown */ = {
			isa = PBXGroup;
			children = (
				1ABA5D56180F948A00E20882 /* AppDelegate.h */,
				1ABA5D57180F948A00E20882 /* AppDelegate.m */,
				1ABA5D59180F948A00E20882 /* Main.storyboard */,
				1ABA5D5C180F948A00E20882 /* ViewController.h */,
				1ABA5D5D180F948A00E20882 /* ViewController.m */,
				1ABA5D5F180F948A00E20882 /* Images.xcassets */,
				1ABA5D7C180F968000E20882 /* Classes */,
				1ABA5D4E180F948A00E20882 /* Supporting Files */,
			);
			path = SlowDown;
			sourceTree = "<group>";
		};
		1ABA5D4E180F948A00E20882 /* Supporting Files */ = {
			isa = PBXGroup;
			children = (
				1ABA5D4F180F948A00E20882 /* SlowDown-Info.plist */,
				1ABA5D50180F948A00E20882 /* InfoPlist.strings */,
				1ABA5D53180F948A00E20882 /* main.m */,
				1ABA5D55180F948A00E20882 /* SlowDown-Prefix.pch */,
			);
			name = "Supporting Files";
			sourceTree = "<group>";
		};
		1ABA5D6C180F948A00E20882 /* SlowDownTests */ = {
			isa = PBXGroup;
			children = (
				1ABA5D72180F948A00E20882 /* SlowDownTests.m */,
				1ABA5D6D180F948A00E20882 /* Supporting Files */,
			);
			path = SlowDownTests;
			sourceTree = "<group>";
		};
		1ABA5D6D180F948A00E20882 /* Supporting Files */ = {
			isa = PBXGroup;
			children = (
				1ABA5D6E180F948A00E20882 /* SlowDownTests-Info.plist */,
				1ABA5D6F180F948A00E20882 /* InfoPlist.strings */,
			);
			name = "Supporting Files";
			sourceTree = "<group>";
		};
		1ABA5D7C180F968000E20882 /* Classes */ = {
			isa = PBXGroup;
			children = (
				1ABA5D7D180F968000E20882 /* CompositionUtility.h */,
				1ABA5D7E180F968000E20882 /* CompositionUtility.m */,
				1ABA5D7F180F968000E20882 /* PlayerView.h */,
				1ABA5D80180F968000E20882 /* PlayerView.m */,
			);
			path = Classes;
			sourceTree = "<group>";
		};
/* End PBXGroup section */

/* Begin PBXNativeTarget section */
		1ABA5D43180F948A00E20882 /* SlowDown */ = {
			isa = PBXNativeTarget;
			buildConfigurationList = 1ABA5D76180F948A00E20882 /* Build configuration list for PBXNativeTarget "SlowDown" */;
			buildPhases = (
				1ABA5D40180F948A00E20882 /* Sources */,
				1ABA5D41180F948A00E20882 /* Frameworks */,
				1ABA5D42180F948A00E20882 /* Resources */,
			);
			buildRules = (
			);
			dependencies = (
			);
			name = SlowDown;
			productName = SlowDown;
			productReference = 1ABA5D44180F948A00E20882 /* SlowDown.app */;
			productType = "com.apple.product-type.application";
		};
		1ABA5D64180F948A00E20882 /* SlowDownTests */ = {
			isa = PBXNativeTarget;
			buildConfigurationList = 1ABA5D79180F948A00E20882 /* Build configuration list for PBXNativeTarget "SlowDownTests" */;
			buildPhases = (
				1ABA5D61180F948A00E20882 /* Sources */,
				1ABA5D62180F948A00E20882 /* Frameworks */,
				1ABA5D63180F948A00E20882 /* Resources */,
			);
			buildRules = (
			);
			dependencies = (
				1ABA5D6B180F948A00E20882 /* PBXTargetDependency */,
			);
			name = SlowDownTests;
			productName = SlowDownTests;
			productReference = 1ABA5D65180F948A00E20882 /* SlowDownTests.xctest */;
			productType = "com.apple.product-type.bundle.unit-test";
		};
/* End PBXNativeTarget section */

/* Begin PBXProject section */
		1ABA5D3C180F948A00E20882 /* Project object */ = {
			isa = PBXProject;
			attributes = {
				LastUpgradeCheck = 0500;
				ORGANIZATIONNAME = UntilTomorrow;
				TargetAttributes = {
					1ABA5D43180F948A00E20882 = {
						DevelopmentTeam = 6BJKM8W6RD;
						SystemCapabilities = {
							com.apple.InterAppAudio = {
								enabled = 0;
							};
						};
					};
					1ABA5D64180F948A00E20882 = {
						TestTargetID = 1ABA5D43180F948A00E20882;
					};
				};
			};
			buildConfigurationList = 1ABA5D3F180F948A00E20882 /* Build configuration list for PBXProject "SlowDown" */;
			compatibilityVersion = "Xcode 3.2";
			developmentRegion = English;
			hasScannedForEncodings = 0;
			knownRegions = (
				en,
				Base,
			);
			mainGroup = 1ABA5D3B180F948A00E20882;
			productRefGroup = 1ABA5D45180F948A00E20882 /* Products */;
			projectDirPath = "";
			projectRoot = "";
			targets = (
				1ABA5D43180F948A00E20882 /* SlowDown */,
				1ABA5D64180F948A00E20882 /* SlowDownTests */,
			);
		};
/* End PBXProject section */

/* Begin PBXResourcesBuildPhase section */
		1ABA5D42180F948A00E20882 /* Resources */ = {
			isa = PBXResourcesBuildPhase;
			buildActionMask = 2147483647;
			files = (
				1ABA5D60180F948A00E20882 /* Images.xcassets in Resources */,
				1ABA5D52180F948A00E20882 /* InfoPlist.strings in Resources */,
				1ABA5D5B180F948A00E20882 /* Main.storyboard in Resources */,
			);
			runOnlyForDeploymentPostprocessing = 0;
		};
		1ABA5D63180F948A00E20882 /* Resources */ = {
			isa = PBXResourcesBuildPhase;
			buildActionMask = 2147483647;
			files = (
				1ABA5D71180F948A00E20882 /* InfoPlist.strings in Resources */,
			);
			runOnlyForDeploymentPostprocessing = 0;
		};
/* End PBXResourcesBuildPhase section */

/* Begin PBXSourcesBuildPhase section */
		1ABA5D40180F948A00E20882 /* Sources */ = {
			isa = PBXSourcesBuildPhase;
			buildActionMask = 2147483647;
			files = (
				1ABA5D5E180F948A00E20882 /* ViewController.m in Sources */,
				1ABA5D58180F948A00E20882 /* AppDelegate.m in Sources */,
				1ABA5D54180F948A00E20882 /* main.m in Sources */,
				1ABA5D81180F968000E20882 /* CompositionUtility.m in Sources */,
				1ABA5D82180F968000E20882 /* PlayerView.m in Sources */,
			);
			runOnlyForDeploymentPostprocessing = 0;
		};
		1ABA5D61180F948A00E20882 /* Sources */ = {
			isa = PBXSourcesBuildPhase;
			buildActionMask = 2147483647;
			files = (
				1ABA5D73180F948A00E20882 /* SlowDownTests.m in Sources */,
			);
			runOnlyForDeploymentPostprocessing = 0;
		};
/* End PBXSourcesBuildPhase section */

/* Begin PBXTargetDependency section */
		1ABA5D6B180F948A00E20882 /* PBXTargetDependency */ = {
			isa = PBXTargetDependency;
			target = 1ABA5D43180F948A00E20882 /* SlowDown */;
			targetProxy = 1ABA5D6A180F948A00E20882 /* PBXContainerItemProxy */;
		};
/* End PBXTargetDependency section */

/* Begin PBXVariantGroup section */
		1ABA5D50180F948A00E20882 /* InfoPlist.strings */ = {
			isa = PBXVariantGroup;
			children = (
				1ABA5D51180F948A00E20882 /* en */,
			);
			name = InfoPlist.strings;
			sourceTree = "<group>";
		};
		1ABA5D59180F948A00E20882 /* Main.storyboard */ = {
			isa = PBXVariantGroup;
			children = (
				1ABA5D5A180F948A00E20882 /* Base */,
			);
			name = Main.storyboard;
			sourceTree = "<group>";
		};
		1ABA5D6F180F948A00E20882 /* InfoPlist.strings */ = {
			isa = PBXVariantGroup;
			children = (
				1ABA5D70180F948A00E20882 /* en */,
			);
			name = InfoPlist.strings;
			sourceTree = "<group>";
		};
/* End PBXVariantGroup section */

/* Begin XCBuildConfiguration section */
		1ABA5D74180F948A00E20882 /* Debug */ = {
			isa = XCBuildConfiguration;
			buildSettings = {
				ALWAYS_SEARCH_USER_PATHS = NO;
				ARCHS = "$(ARCHS_STANDARD_INCLUDING_64_BIT)";
				CLANG_CXX_LANGUAGE_STANDARD = "gnu++0x";
				CLANG_CXX_LIBRARY = "libc++";
				CLANG_ENABLE_MODULES = YES;
				CLANG_ENABLE_OBJC_ARC = YES;
				CLANG_WARN_BOOL_CONVERSION = YES;
				CLANG_WARN_CONSTANT_CONVERSION = YES;
				CLANG_WARN_DIRECT_OBJC_ISA_USAGE = YES_ERROR;
				CLANG_WARN_EMPTY_BODY = YES;
				CLANG_WARN_ENUM_CONVERSION = YES;
				CLANG_WARN_INT_CONVERSION = YES;
				CLANG_WARN_OBJC_ROOT_CLASS = YES_ERROR;
				CLANG_WARN__DUPLICATE_METHOD_MATCH = YES;
				"CODE_SIGN_IDENTITY[sdk=iphoneos*]" = "iPhone Developer";
				COPY_PHASE_STRIP = NO;
				GCC_C_LANGUAGE_STANDARD = gnu99;
				GCC_DYNAMIC_NO_PIC = NO;
				GCC_OPTIMIZATION_LEVEL = 0;
				GCC_PREPROCESSOR_DEFINITIONS = (
					"DEBUG=1",
					"$(inherited)",
				);
				GCC_SYMBOLS_PRIVATE_EXTERN = NO;
				GCC_WARN_64_TO_32_BIT_CONVERSION = YES;
				GCC_WARN_ABOUT_RETURN_TYPE = YES_ERROR;
				GCC_WARN_UNDECLARED_SELECTOR = YES;
				GCC_WARN_UNINITIALIZED_AUTOS = YES;
				GCC_WARN_UNUSED_FUNCTION = YES;
				GCC_WARN_UNUSED_VARIABLE = YES;
				IPHONEOS_DEPLOYMENT_TARGET = 7.0;
				ONLY_ACTIVE_ARCH = YES;
				SDKROOT = iphoneos;
			};
			name = Debug;
		};
		1ABA5D75180F948A00E20882 /* Release */ = {
			isa = XCBuildConfiguration;
			buildSettings = {
				ALWAYS_SEARCH_USER_PATHS = NO;
				ARCHS = "$(ARCHS_STANDARD_INCLUDING_64_BIT)";
				CLANG_CXX_LANGUAGE_STANDARD = "gnu++0x";
				CLANG_CXX_LIBRARY = "libc++";
				CLANG_ENABLE_MODULES = YES;
				CLANG_ENABLE_OBJC_ARC = YES;
				CLANG_WARN_BOOL_CONVERSION = YES;
				CLANG_WARN_CONSTANT_CONVERSION = YES;
				CLANG_WARN_DIRECT_OBJC_ISA_USAGE = YES_ERROR;
				CLANG_WARN_EMPTY_BODY = YES;
				CLANG_WARN_ENUM_CONVERSION = YES;
				CLANG_WARN_INT_CONVERSION = YES;
				CLANG_WARN_OBJC_ROOT_CLASS = YES_ERROR;
				CLANG_WARN__DUPLICATE_METHOD_MATCH = YES;
				"CODE_SIGN_IDENTITY[sdk=iphoneos*]" = "iPhone Developer";
				COPY_PHASE_STRIP = YES;
				ENABLE_NS_ASSERTIONS = NO;
				GCC_C_LANGUAGE_STANDARD = gnu99;
				GCC_WARN_64_TO_32_BIT_CONVERSION = YES;
				GCC_WARN_ABOUT_RETURN_TYPE = YES_ERROR;
				GCC_WARN_UNDECLARED_SELECTOR = YES;
				GCC_WARN_UNINITIALIZED_AUTOS = YES;
				GCC_WARN_UNUSED_FUNCTION = YES;
				GCC_WARN_UNUSED_VARIABLE = YES;
				IPHONEOS_DEPLOYMENT_TARGET = 7.0;
				SDKROOT = iphoneos;
				VALIDATE_PRODUCT = YES;
			};
			name = Release;
		};
		1ABA5D77180F948A00E20882 /* Debug */ = {
			isa = XCBuildConfiguration;
			buildSettings = {
				ASSETCATALOG_COMPILER_APPICON_NAME = AppIcon;
				ASSETCATALOG_COMPILER_LAUNCHIMAGE_NAME = LaunchImage;
				CODE_SIGN_IDENTITY = "iPhone Developer";
				"CODE_SIGN_IDENTITY[sdk=iphoneos*]" = "iPhone Developer";
				GCC_PRECOMPILE_PREFIX_HEADER = YES;
				GCC_PREFIX_HEADER = "SlowDown/SlowDown-Prefix.pch";
				INFOPLIST_FILE = "SlowDown/SlowDown-Info.plist";
				PRODUCT_NAME = "$(TARGET_NAME)";
				PROVISIONING_PROFILE = "";
				WRAPPER_EXTENSION = app;
			};
			name = Debug;
		};
		1ABA5D78180F948A00E20882 /* Release */ = {
			isa = XCBuildConfiguration;
			buildSettings = {
				ASSETCATALOG_COMPILER_APPICON_NAME = AppIcon;
				ASSETCATALOG_COMPILER_LAUNCHIMAGE_NAME = LaunchImage;
				CODE_SIGN_IDENTITY = "iPhone Developer";
				"CODE_SIGN_IDENTITY[sdk=iphoneos*]" = "iPhone Developer";
				GCC_PRECOMPILE_PREFIX_HEADER = YES;
				GCC_PREFIX_HEADER = "SlowDown/SlowDown-Prefix.pch";
				INFOPLIST_FILE = "SlowDown/SlowDown-Info.plist";
				PRODUCT_NAME = "$(TARGET_NAME)";
				PROVISIONING_PROFILE = "";
				WRAPPER_EXTENSION = app;
			};
			name = Release;
		};
		1ABA5D7A180F948A00E20882 /* Debug */ = {
			isa = XCBuildConfiguration;
			buildSettings = {
				ARCHS = "$(ARCHS_STANDARD_INCLUDING_64_BIT)";
				BUNDLE_LOADER = "$(BUILT_PRODUCTS_DIR)/SlowDown.app/SlowDown";
				FRAMEWORK_SEARCH_PATHS = (
					"$(SDKROOT)/Developer/Library/Frameworks",
					"$(inherited)",
					"$(DEVELOPER_FRAMEWORKS_DIR)",
				);
				GCC_PRECOMPILE_PREFIX_HEADER = YES;
				GCC_PREFIX_HEADER = "SlowDown/SlowDown-Prefix.pch";
				GCC_PREPROCESSOR_DEFINITIONS = (
					"DEBUG=1",
					"$(inherited)",
				);
				INFOPLIST_FILE = "SlowDownTests/SlowDownTests-Info.plist";
				PRODUCT_NAME = "$(TARGET_NAME)";
				TEST_HOST = "$(BUNDLE_LOADER)";
				WRAPPER_EXTENSION = xctest;
			};
			name = Debug;
		};
		1ABA5D7B180F948A00E20882 /* Release */ = {
			isa = XCBuildConfiguration;
			buildSettings = {
				ARCHS = "$(ARCHS_STANDARD_INCLUDING_64_BIT)";
				BUNDLE_LOADER = "$(BUILT_PRODUCTS_DIR)/SlowDown.app/SlowDown";
				FRAMEWORK_SEARCH_PATHS = (
					"$(SDKROOT)/Developer/Library/Frameworks",
					"$(inherited)",
					"$(DEVELOPER_FRAMEWORKS_DIR)",
				);
				GCC_PRECOMPILE_PREFIX_HEADER = YES;
				GCC_PREFIX_HEADER = "SlowDown/SlowDown-Prefix.pch";
				INFOPLIST_FILE = "SlowDownTests/SlowDownTests-Info.plist";
				PRODUCT_NAME = "$(TARGET_NAME)";
				TEST_HOST = "$(BUNDLE_LOADER)";
				WRAPPER_EXTENSION = xctest;
			};
			name = Release;
		};
/* End XCBuildConfiguration section */

/* Begin XCConfigurationList section */
		1ABA5D3F180F948A00E20882 /* Build configuration list for PBXProject "SlowDown" */ = {
			isa = XCConfigurationList;
			buildConfigurations = (
				1ABA5D74180F948A00E20882 /* Debug */,
				1ABA5D75180F948A00E20882 /* Release */,
			);
			defaultConfigurationIsVisible = 0;
			defaultConfigurationName = Release;
		};
		1ABA5D76180F948A00E20882 /* Build configuration list for PBXNativeTarget "SlowDown" */ = {
			isa = XCConfigurationList;
			buildConfigurations = (
				1ABA5D77180F948A00E20882 /* Debug */,
				1ABA5D78180F948A00E20882 /* Release */,
			);
			defaultConfigurationIsVisible = 0;
			defaultConfigurationName = Release;
		};
		1ABA5D79180F948A00E20882 /* Build configuration list for PBXNativeTarget "SlowDownTests" */ = {
			isa = XCConfigurationList;
			buildConfigurations = (
				1ABA5D7A180F948A00E20882 /* Debug */,
				1ABA5D7B180F948A00E20882 /* Release */,
			);
			defaultConfigurationIsVisible = 0;
			defaultConfigurationName = Release;
		};
/* End XCConfigurationList section */
	};
	rootObject = 1ABA5D3C180F948A00E20882 /* Project object */;
}
